
Microsoft Visual Studio Solution File, Format Version 12.00
# Visual Studio Version 16
VisualStudioVersion = 16.0.30320.27
MinimumVisualStudioVersion = 10.0.40219.1
Project("{FAE04EC0-301F-11D3-BF4B-00C04F79EFBC}") = "SerialPortRpi", "SerialPortRpi\SerialPortRpi.csproj", "{7654EBC3-364C-4761-A455-9238030E5EBF}"
EndProject
Global
	GlobalSection(SolutionConfigurationPlatforms) = preSolution
		Debug|Any CPU = Debug|Any CPU
		Release|Any CPU = Release|Any CPU
	EndGlobalSection
	GlobalSection(ProjectConfigurationPlatforms) = postSolution
		{7654EBC3-364C-4761-A455-9238030E5EBF}.Debug|Any CPU.ActiveCfg = Debug|Any CPU
		{7654EBC3-364C-4761-A455-9238030E5EBF}.Debug|Any CPU.Build.0 = Debug|Any CPU
		{7654EBC3-364C-4761-A455-9238030E5EBF}.Release|Any CPU.ActiveCfg = Release|Any CPU
		{7654EBC3-364C-4761-A455-9238030E5EBF}.Release|Any CPU.Build.0 = Release|Any CPU
	EndGlobalSection
	GlobalSection(SolutionProperties) = preSolution
		HideSolutionNode = FALSE
	EndGlobalSection
	GlobalSection(ExtensibilityGlobals) = postSolution
		SolutionGuid = {73E74F51-B6C5-483E-A54A-E2AF5C9CD801}
	EndGlobalSection
EndGlobal
